// !$*UTF8*$!
{
	archiveVersion = 1;
	classes = {
	};
	objectVersion = 56;
	objects = {

/* Begin PBXBuildFile section */
		3759F45D29C5B84500C6403B /* OnboardingView.swift in Sources */ = {isa = PBXBuildFile; fileRef = 3759F45C29C5B84500C6403B /* OnboardingView.swift */; };
		3759F45F29C5B85300C6403B /* HomeView.swift in Sources */ = {isa = PBXBuildFile; fileRef = 3759F45E29C5B85300C6403B /* HomeView.swift */; };
		37A3B34F29CA8957009EB766 /* CircleGroupView.swift in Sources */ = {isa = PBXBuildFile; fileRef = 37A3B34E29CA8957009EB766 /* CircleGroupView.swift */; };
		37A3B35229CD38E0009EB766 /* AudioPlayer.swift in Sources */ = {isa = PBXBuildFile; fileRef = 37A3B35129CD38E0009EB766 /* AudioPlayer.swift */; };
		37A3B35529CD4156009EB766 /* chimeup.mp3 in Resources */ = {isa = PBXBuildFile; fileRef = 37A3B35329CD4156009EB766 /* chimeup.mp3 */; };
		37A3B35629CD4156009EB766 /* success.m4a in Resources */ = {isa = PBXBuildFile; fileRef = 37A3B35429CD4156009EB766 /* success.m4a */; };
		37FE9D0229C5AAE800591FE7 /* RestartApp.swift in Sources */ = {isa = PBXBuildFile; fileRef = 37FE9D0129C5AAE800591FE7 /* RestartApp.swift */; };
		37FE9D0429C5AAE800591FE7 /* ContentView.swift in Sources */ = {isa = PBXBuildFile; fileRef = 37FE9D0329C5AAE800591FE7 /* ContentView.swift */; };
		37FE9D0629C5AAEA00591FE7 /* Assets.xcassets in Resources */ = {isa = PBXBuildFile; fileRef = 37FE9D0529C5AAEA00591FE7 /* Assets.xcassets */; };
		37FE9D0929C5AAEA00591FE7 /* Preview Assets.xcassets in Resources */ = {isa = PBXBuildFile; fileRef = 37FE9D0829C5AAEA00591FE7 /* Preview Assets.xcassets */; };
/* End PBXBuildFile section */

/* Begin PBXFileReference section */
		3759F45C29C5B84500C6403B /* OnboardingView.swift */ = {isa = PBXFileReference; lastKnownFileType = sourcecode.swift; path = OnboardingView.swift; sourceTree = "<group>"; };
		3759F45E29C5B85300C6403B /* HomeView.swift */ = {isa = PBXFileReference; lastKnownFileType = sourcecode.swift; path = HomeView.swift; sourceTree = "<group>"; };
		37A3B34E29CA8957009EB766 /* CircleGroupView.swift */ = {isa = PBXFileReference; lastKnownFileType = sourcecode.swift; path = CircleGroupView.swift; sourceTree = "<group>"; };
		37A3B35129CD38E0009EB766 /* AudioPlayer.swift */ = {isa = PBXFileReference; lastKnownFileType = sourcecode.swift; path = AudioPlayer.swift; sourceTree = "<group>"; };
		37A3B35329CD4156009EB766 /* chimeup.mp3 */ = {isa = PBXFileReference; lastKnownFileType = audio.mp3; name = chimeup.mp3; path = "../../../+Resource/Restart-App/Completed/Restart-App/Resources/Sounds/chimeup.mp3"; sourceTree = "<group>"; };
		37A3B35429CD4156009EB766 /* success.m4a */ = {isa = PBXFileReference; lastKnownFileType = file; name = success.m4a; path = "../../../+Resource/Restart-App/Completed/Restart-App/Resources/Sounds/success.m4a"; sourceTree = "<group>"; };
		37FE9CFE29C5AAE800591FE7 /* Restart.app */ = {isa = PBXFileReference; explicitFileType = wrapper.application; includeInIndex = 0; path = Restart.app; sourceTree = BUILT_PRODUCTS_DIR; };
		37FE9D0129C5AAE800591FE7 /* RestartApp.swift */ = {isa = PBXFileReference; lastKnownFileType = sourcecode.swift; path = RestartApp.swift; sourceTree = "<group>"; };
		37FE9D0329C5AAE800591FE7 /* ContentView.swift */ = {isa = PBXFileReference; lastKnownFileType = sourcecode.swift; path = ContentView.swift; sourceTree = "<group>"; };
		37FE9D0529C5AAEA00591FE7 /* Assets.xcassets */ = {isa = PBXFileReference; lastKnownFileType = folder.assetcatalog; path = Assets.xcassets; sourceTree = "<group>"; };
		37FE9D0829C5AAEA00591FE7 /* Preview Assets.xcassets */ = {isa = PBXFileReference; lastKnownFileType = folder.assetcatalog; path = "Preview Assets.xcassets"; sourceTree = "<group>"; };
/* End PBXFileReference section */

/* Begin PBXFrameworksBuildPhase section */
		37FE9CFB29C5AAE800591FE7 /* Frameworks */ = {
			isa = PBXFrameworksBuildPhase;
			buildActionMask = 2147483647;
			files = (
			);
			runOnlyForDeploymentPostprocessing = 0;
		};
/* End PBXFrameworksBuildPhase section */

/* Begin PBXGroup section */
		37FE9CF529C5AAE800591FE7 = {
			isa = PBXGroup;
			children = (
				37FE9D0029C5AAE800591FE7 /* Restart */,
				37FE9CFF29C5AAE800591FE7 /* Products */,
			);
			sourceTree = "<group>";
		};
		37FE9CFF29C5AAE800591FE7 /* Products */ = {
			isa = PBXGroup;
			children = (
				37FE9CFE29C5AAE800591FE7 /* Restart.app */,
			);
			name = Products;
			sourceTree = "<group>";
		};
		37FE9D0029C5AAE800591FE7 /* Restart */ = {
			isa = PBXGroup;
			children = (
				37FE9D1229C5AB1600591FE7 /* Views */,
				37FE9D1129C5AB0E00591FE7 /* Utilities */,
				37FE9D1029C5AB0800591FE7 /* Sounds */,
				37FE9D0F29C5AB0100591FE7 /* Screens */,
				37FE9D0129C5AAE800591FE7 /* RestartApp.swift */,
				37FE9D0529C5AAEA00591FE7 /* Assets.xcassets */,
				37FE9D0729C5AAEA00591FE7 /* Preview Content */,
			);
			path = Restart;
			sourceTree = "<group>";
		};
		37FE9D0729C5AAEA00591FE7 /* Preview Content */ = {
			isa = PBXGroup;
			children = (
				37FE9D0829C5AAEA00591FE7 /* Preview Assets.xcassets */,
			);
			path = "Preview Content";
			sourceTree = "<group>";
		};
		37FE9D0F29C5AB0100591FE7 /* Screens */ = {
			isa = PBXGroup;
			children = (
				37FE9D0329C5AAE800591FE7 /* ContentView.swift */,
				3759F45C29C5B84500C6403B /* OnboardingView.swift */,
				3759F45E29C5B85300C6403B /* HomeView.swift */,
			);
			path = Screens;
			sourceTree = "<group>";
		};
		37FE9D1029C5AB0800591FE7 /* Sounds */ = {
			isa = PBXGroup;
			children = (
				37A3B35329CD4156009EB766 /* chimeup.mp3 */,
				37A3B35429CD4156009EB766 /* success.m4a */,
			);
			path = Sounds;
			sourceTree = "<group>";
		};
		37FE9D1129C5AB0E00591FE7 /* Utilities */ = {
			isa = PBXGroup;
			children = (
				37A3B35129CD38E0009EB766 /* AudioPlayer.swift */,
			);
			path = Utilities;
			sourceTree = "<group>";
		};
		37FE9D1229C5AB1600591FE7 /* Views */ = {
			isa = PBXGroup;
			children = (
				37A3B34E29CA8957009EB766 /* CircleGroupView.swift */,
			);
			path = Views;
			sourceTree = "<group>";
		};
/* End PBXGroup section */

/* Begin PBXNativeTarget section */
		37FE9CFD29C5AAE800591FE7 /* Restart */ = {
			isa = PBXNativeTarget;
			buildConfigurationList = 37FE9D0C29C5AAEA00591FE7 /* Build configuration list for PBXNativeTarget "Restart" */;
			buildPhases = (
				37FE9CFA29C5AAE800591FE7 /* Sources */,
				37FE9CFB29C5AAE800591FE7 /* Frameworks */,
				37FE9CFC29C5AAE800591FE7 /* Resources */,
			);
			buildRules = (
			);
			dependencies = (
			);
			name = Restart;
			productName = Restart;
			productReference = 37FE9CFE29C5AAE800591FE7 /* Restart.app */;
			productType = "com.apple.product-type.application";
		};
/* End PBXNativeTarget section */

/* Begin PBXProject section */
		37FE9CF629C5AAE800591FE7 /* Project object */ = {
			isa = PBXProject;
			attributes = {
				BuildIndependentTargetsInParallel = 1;
				LastSwiftUpdateCheck = 1420;
				LastUpgradeCheck = 1420;
				TargetAttributes = {
					37FE9CFD29C5AAE800591FE7 = {
						CreatedOnToolsVersion = 14.2;
					};
				};
			};
			buildConfigurationList = 37FE9CF929C5AAE800591FE7 /* Build configuration list for PBXProject "Restart" */;
			compatibilityVersion = "Xcode 14.0";
			developmentRegion = en;
			hasScannedForEncodings = 0;
			knownRegions = (
				en,
				Base,
			);
			mainGroup = 37FE9CF529C5AAE800591FE7;
			productRefGroup = 37FE9CFF29C5AAE800591FE7 /* Products */;
			projectDirPath = "";
			projectRoot = "";
			targets = (
				37FE9CFD29C5AAE800591FE7 /* Restart */,
			);
		};
/* End PBXProject section */

/* Begin PBXResourcesBuildPhase section */
		37FE9CFC29C5AAE800591FE7 /* Resources */ = {
			isa = PBXResourcesBuildPhase;
			buildActionMask = 2147483647;
			files = (
				37A3B35629CD4156009EB766 /* success.m4a in Resources */,
				37A3B35529CD4156009EB766 /* chimeup.mp3 in Resources */,
				37FE9D0929C5AAEA00591FE7 /* Preview Assets.xcassets in Resources */,
				37FE9D0629C5AAEA00591FE7 /* Assets.xcassets in Resources */,
			);
			runOnlyForDeploymentPostprocessing = 0;
		};
/* End PBXResourcesBuildPhase section */

/* Begin PBXSourcesBuildPhase section */
		37FE9CFA29C5AAE800591FE7 /* Sources */ = {
			isa = PBXSourcesBuildPhase;
			buildActionMask = 2147483647;
			files = (
				37A3B34F29CA8957009EB766 /* CircleGroupView.swift in Sources */,
				3759F45D29C5B84500C6403B /* OnboardingView.swift in Sources */,
				3759F45F29C5B85300C6403B /* HomeView.swift in Sources */,
				37FE9D0429C5AAE800591FE7 /* ContentView.swift in Sources */,
				37FE9D0229C5AAE800591FE7 /* RestartApp.swift in Sources */,
				37A3B35229CD38E0009EB766 /* AudioPlayer.swift in Sources */,
			);
			runOnlyForDeploymentPostprocessing = 0;
		};
/* End PBXSourcesBuildPhase section */

/* Begin XCBuildConfiguration section */
		37FE9D0A29C5AAEA00591FE7 /* Debug */ = {
			isa = XCBuildConfiguration;
			buildSettings = {
				ALWAYS_SEARCH_USER_PATHS = NO;
				CLANG_ANALYZER_NONNULL = YES;
				CLANG_ANALYZER_NUMBER_OBJECT_CONVERSION = YES_AGGRESSIVE;
				CLANG_CXX_LANGUAGE_STANDARD = "gnu++20";
				CLANG_ENABLE_MODULES = YES;
				CLANG_ENABLE_OBJC_ARC = YES;
				CLANG_ENABLE_OBJC_WEAK = YES;
				CLANG_WARN_BLOCK_CAPTURE_AUTORELEASING = YES;
				CLANG_WARN_BOOL_CONVERSION = YES;
				CLANG_WARN_COMMA = YES;
				CLANG_WARN_CONSTANT_CONVERSION = YES;
				CLANG_WARN_DEPRECATED_OBJC_IMPLEMENTATIONS = YES;
				CLANG_WARN_DIRECT_OBJC_ISA_USAGE = YES_ERROR;
				CLANG_WARN_DOCUMENTATION_COMMENTS = YES;
				CLANG_WARN_EMPTY_BODY = YES;
				CLANG_WARN_ENUM_CONVERSION = YES;
				CLANG_WARN_INFINITE_RECURSION = YES;
				CLANG_WARN_INT_CONVERSION = YES;
				CLANG_WARN_NON_LITERAL_NULL_CONVERSION = YES;
				CLANG_WARN_OBJC_IMPLICIT_RETAIN_SELF = YES;
				CLANG_WARN_OBJC_LITERAL_CONVERSION = YES;
				CLANG_WARN_OBJC_ROOT_CLASS = YES_ERROR;
				CLANG_WARN_QUOTED_INCLUDE_IN_FRAMEWORK_HEADER = YES;
				CLANG_WARN_RANGE_LOOP_ANALYSIS = YES;
				CLANG_WARN_STRICT_PROTOTYPES = YES;
				CLANG_WARN_SUSPICIOUS_MOVE = YES;
				CLANG_WARN_UNGUARDED_AVAILABILITY = YES_AGGRESSIVE;
				CLANG_WARN_UNREACHABLE_CODE = YES;
				CLANG_WARN__DUPLICATE_METHOD_MATCH = YES;
				COPY_PHASE_STRIP = NO;
				DEBUG_INFORMATION_FORMAT = dwarf;
				ENABLE_STRICT_OBJC_MSGSEND = YES;
				ENABLE_TESTABILITY = YES;
				GCC_C_LANGUAGE_STANDARD = gnu11;
				GCC_DYNAMIC_NO_PIC = NO;
				GCC_NO_COMMON_BLOCKS = YES;
				GCC_OPTIMIZATION_LEVEL = 0;
				GCC_PREPROCESSOR_DEFINITIONS = (
					"DEBUG=1",
					"$(inherited)",
				);
				GCC_WARN_64_TO_32_BIT_CONVERSION = YES;
				GCC_WARN_ABOUT_RETURN_TYPE = YES_ERROR;
				GCC_WARN_UNDECLARED_SELECTOR = YES;
				GCC_WARN_UNINITIALIZED_AUTOS = YES_AGGRESSIVE;
				GCC_WARN_UNUSED_FUNCTION = YES;
				GCC_WARN_UNUSED_VARIABLE = YES;
				IPHONEOS_DEPLOYMENT_TARGET = 16.2;
				MTL_ENABLE_DEBUG_INFO = INCLUDE_SOURCE;
				MTL_FAST_MATH = YES;
				ONLY_ACTIVE_ARCH = YES;
				SDKROOT = iphoneos;
				SWIFT_ACTIVE_COMPILATION_CONDITIONS = DEBUG;
				SWIFT_OPTIMIZATION_LEVEL = "-Onone";
			};
			name = Debug;
		};
		37FE9D0B29C5AAEA00591FE7 /* Release */ = {
			isa = XCBuildConfiguration;
			buildSettings = {
				ALWAYS_SEARCH_USER_PATHS = NO;
				CLANG_ANALYZER_NONNULL = YES;
				CLANG_ANALYZER_NUMBER_OBJECT_CONVERSION = YES_AGGRESSIVE;
				CLANG_CXX_LANGUAGE_STANDARD = "gnu++20";
				CLANG_ENABLE_MODULES = YES;
				CLANG_ENABLE_OBJC_ARC = YES;
				CLANG_ENABLE_OBJC_WEAK = YES;
				CLANG_WARN_BLOCK_CAPTURE_AUTORELEASING = YES;
				CLANG_WARN_BOOL_CONVERSION = YES;
				CLANG_WARN_COMMA = YES;
				CLANG_WARN_CONSTANT_CONVERSION = YES;
				CLANG_WARN_DEPRECATED_OBJC_IMPLEMENTATIONS = YES;
				CLANG_WARN_DIRECT_OBJC_ISA_USAGE = YES_ERROR;
				CLANG_WARN_DOCUMENTATION_COMMENTS = YES;
				CLANG_WARN_EMPTY_BODY = YES;
				CLANG_WARN_ENUM_CONVERSION = YES;
				CLANG_WARN_INFINITE_RECURSION = YES;
				CLANG_WARN_INT_CONVERSION = YES;
				CLANG_WARN_NON_LITERAL_NULL_CONVERSION = YES;
				CLANG_WARN_OBJC_IMPLICIT_RETAIN_SELF = YES;
				CLANG_WARN_OBJC_LITERAL_CONVERSION = YES;
				CLANG_WARN_OBJC_ROOT_CLASS = YES_ERROR;
				CLANG_WARN_QUOTED_INCLUDE_IN_FRAMEWORK_HEADER = YES;
				CLANG_WARN_RANGE_LOOP_ANALYSIS = YES;
				CLANG_WARN_STRICT_PROTOTYPES = YES;
				CLANG_WARN_SUSPICIOUS_MOVE = YES;
				CLANG_WARN_UNGUARDED_AVAILABILITY = YES_AGGRESSIVE;
				CLANG_WARN_UNREACHABLE_CODE = YES;
				CLANG_WARN__DUPLICATE_METHOD_MATCH = YES;
				COPY_PHASE_STRIP = NO;
				DEBUG_INFORMATION_FORMAT = "dwarf-with-dsym";
				ENABLE_NS_ASSERTIONS = NO;
				ENABLE_STRICT_OBJC_MSGSEND = YES;
				GCC_C_LANGUAGE_STANDARD = gnu11;
				GCC_NO_COMMON_BLOCKS = YES;
				GCC_WARN_64_TO_32_BIT_CONVERSION = YES;
				GCC_WARN_ABOUT_RETURN_TYPE = YES_ERROR;
				GCC_WARN_UNDECLARED_SELECTOR = YES;
				GCC_WARN_UNINITIALIZED_AUTOS = YES_AGGRESSIVE;
				GCC_WARN_UNUSED_FUNCTION = YES;
				GCC_WARN_UNUSED_VARIABLE = YES;
				IPHONEOS_DEPLOYMENT_TARGET = 16.2;
				MTL_ENABLE_DEBUG_INFO = NO;
				MTL_FAST_MATH = YES;
				SDKROOT = iphoneos;
				SWIFT_COMPILATION_MODE = wholemodule;
				SWIFT_OPTIMIZATION_LEVEL = "-O";
				VALIDATE_PRODUCT = YES;
			};
			name = Release;
		};
		37FE9D0D29C5AAEA00591FE7 /* Debug */ = {
			isa = XCBuildConfiguration;
			buildSettings = {
				ASSETCATALOG_COMPILER_APPICON_NAME = AppIcon;
				ASSETCATALOG_COMPILER_GLOBAL_ACCENT_COLOR_NAME = AccentColor;
				CODE_SIGN_STYLE = Automatic;
				CURRENT_PROJECT_VERSION = 1;
				DEVELOPMENT_ASSET_PATHS = "\"Restart/Preview Content\"";
				ENABLE_PREVIEWS = YES;
				GENERATE_INFOPLIST_FILE = YES;
				INFOPLIST_KEY_UIApplicationSceneManifest_Generation = YES;
				INFOPLIST_KEY_UIApplicationSupportsIndirectInputEvents = YES;
				INFOPLIST_KEY_UILaunchScreen_Generation = YES;
				INFOPLIST_KEY_UISupportedInterfaceOrientations_iPad = "UIInterfaceOrientationPortrait UIInterfaceOrientationPortraitUpsideDown UIInterfaceOrientationLandscapeLeft UIInterfaceOrientationLandscapeRight";
				INFOPLIST_KEY_UISupportedInterfaceOrientations_iPhone = UIInterfaceOrientationPortrait;
				LD_RUNPATH_SEARCH_PATHS = (
					"$(inherited)",
					"@executable_path/Frameworks",
				);
				MARKETING_VERSION = 1.0;
				PRODUCT_BUNDLE_IDENTIFIER = com.rifqimuhammadaziz.Restart;
				PRODUCT_NAME = "$(TARGET_NAME)";
				SWIFT_EMIT_LOC_STRINGS = YES;
				SWIFT_VERSION = 5.0;
				TARGETED_DEVICE_FAMILY = "1,2";
			};
			name = Debug;
		};
		37FE9D0E29C5AAEA00591FE7 /* Release */ = {
			isa = XCBuildConfiguration;
			buildSettings = {
				ASSETCATALOG_COMPILER_APPICON_NAME = AppIcon;
				ASSETCATALOG_COMPILER_GLOBAL_ACCENT_COLOR_NAME = AccentColor;
				CODE_SIGN_STYLE = Automatic;
				CURRENT_PROJECT_VERSION = 1;
				DEVELOPMENT_ASSET_PATHS = "\"Restart/Preview Content\"";
				ENABLE_PREVIEWS = YES;
				GENERATE_INFOPLIST_FILE = YES;
				INFOPLIST_KEY_UIApplicationSceneManifest_Generation = YES;
				INFOPLIST_KEY_UIApplicationSupportsIndirectInputEvents = YES;
				INFOPLIST_KEY_UILaunchScreen_Generation = YES;
				INFOPLIST_KEY_UISupportedInterfaceOrientations_iPad = "UIInterfaceOrientationPortrait UIInterfaceOrientationPortraitUpsideDown UIInterfaceOrientationLandscapeLeft UIInterfaceOrientationLandscapeRight";
				INFOPLIST_KEY_UISupportedInterfaceOrientations_iPhone = UIInterfaceOrientationPortrait;
				LD_RUNPATH_SEARCH_PATHS = (
					"$(inherited)",
					"@executable_path/Frameworks",
				);
				MARKETING_VERSION = 1.0;
				PRODUCT_BUNDLE_IDENTIFIER = com.rifqimuhammadaziz.Restart;
				PRODUCT_NAME = "$(TARGET_NAME)";
				SWIFT_EMIT_LOC_STRINGS = YES;
				SWIFT_VERSION = 5.0;
				TARGETED_DEVICE_FAMILY = "1,2";
			};
			name = Release;
		};
/* End XCBuildConfiguration section */

/* Begin XCConfigurationList section */
		37FE9CF929C5AAE800591FE7 /* Build configuration list for PBXProject "Restart" */ = {
			isa = XCConfigurationList;
			buildConfigurations = (
				37FE9D0A29C5AAEA00591FE7 /* Debug */,
				37FE9D0B29C5AAEA00591FE7 /* Release */,
			);
			defaultConfigurationIsVisible = 0;
			defaultConfigurationName = Release;
		};
		37FE9D0C29C5AAEA00591FE7 /* Build configuration list for PBXNativeTarget "Restart" */ = {
			isa = XCConfigurationList;
			buildConfigurations = (
				37FE9D0D29C5AAEA00591FE7 /* Debug */,
				37FE9D0E29C5AAEA00591FE7 /* Release */,
			);
			defaultConfigurationIsVisible = 0;
			defaultConfigurationName = Release;
		};
/* End XCConfigurationList section */
	};
	rootObject = 37FE9CF629C5AAE800591FE7 /* Project object */;
}
